
Microsoft Visual Studio Solution File, Format Version 12.00
# Visual Studio 15
VisualStudioVersion = 15.0.27130.2027
MinimumVisualStudioVersion = 10.0.40219.1
Project("{FAE04EC0-301F-11D3-BF4B-00C04F79EFBC}") = "TestJSON", "TestJSON\TestJSON.csproj", "{0590C7BF-55F1-4F43-B8F0-01D651E3CAA3}"
EndProject
Global
	GlobalSection(SolutionConfigurationPlatforms) = preSolution
		Debug|Any CPU = Debug|Any CPU
		Release|Any CPU = Release|Any CPU
	EndGlobalSection
	GlobalSection(ProjectConfigurationPlatforms) = postSolution
		{0590C7BF-55F1-4F43-B8F0-01D651E3CAA3}.Debug|Any CPU.ActiveCfg = Debug|Any CPU
		{0590C7BF-55F1-4F43-B8F0-01D651E3CAA3}.Debug|Any CPU.Build.0 = Debug|Any CPU
		{0590C7BF-55F1-4F43-B8F0-01D651E3CAA3}.Release|Any CPU.ActiveCfg = Release|Any CPU
		{0590C7BF-55F1-4F43-B8F0-01D651E3CAA3}.Release|Any CPU.Build.0 = Release|Any CPU
	EndGlobalSection
	GlobalSection(SolutionProperties) = preSolution
		HideSolutionNode = FALSE
	EndGlobalSection
	GlobalSection(ExtensibilityGlobals) = postSolution
		SolutionGuid = {EA98E82E-8C6A-4579-800E-F6263643A9BE}
	EndGlobalSection
EndGlobal
