
Microsoft Visual Studio Solution File, Format Version 12.00
# Visual Studio 15
VisualStudioVersion = 15.0.27130.2024
MinimumVisualStudioVersion = 10.0.40219.1
Project("{FAE04EC0-301F-11D3-BF4B-00C04F79EFBC}") = "PasswordTest", "PasswordTest\PasswordTest.csproj", "{A9582F0B-6973-4A6A-A7C4-960B4653E371}"
EndProject
Global
	GlobalSection(SolutionConfigurationPlatforms) = preSolution
		Debug|Any CPU = Debug|Any CPU
		Release|Any CPU = Release|Any CPU
	EndGlobalSection
	GlobalSection(ProjectConfigurationPlatforms) = postSolution
		{A9582F0B-6973-4A6A-A7C4-960B4653E371}.Debug|Any CPU.ActiveCfg = Debug|Any CPU
		{A9582F0B-6973-4A6A-A7C4-960B4653E371}.Debug|Any CPU.Build.0 = Debug|Any CPU
		{A9582F0B-6973-4A6A-A7C4-960B4653E371}.Release|Any CPU.ActiveCfg = Release|Any CPU
		{A9582F0B-6973-4A6A-A7C4-960B4653E371}.Release|Any CPU.Build.0 = Release|Any CPU
	EndGlobalSection
	GlobalSection(SolutionProperties) = preSolution
		HideSolutionNode = FALSE
	EndGlobalSection
	GlobalSection(ExtensibilityGlobals) = postSolution
		SolutionGuid = {1E46063E-9B06-48B6-988B-A13A6B93ABDF}
	EndGlobalSection
EndGlobal
