
Microsoft Visual Studio Solution File, Format Version 12.00
# Visual Studio 15
VisualStudioVersion = 15.0.27130.2027
MinimumVisualStudioVersion = 10.0.40219.1
Project("{FAE04EC0-301F-11D3-BF4B-00C04F79EFBC}") = "CatalogueTest", "CatalogueTest\CatalogueTest.csproj", "{FB45AC2C-849F-450B-80DE-8C43FA06BCC8}"
EndProject
Global
	GlobalSection(SolutionConfigurationPlatforms) = preSolution
		Debug|Any CPU = Debug|Any CPU
		Release|Any CPU = Release|Any CPU
	EndGlobalSection
	GlobalSection(ProjectConfigurationPlatforms) = postSolution
		{FB45AC2C-849F-450B-80DE-8C43FA06BCC8}.Debug|Any CPU.ActiveCfg = Debug|Any CPU
		{FB45AC2C-849F-450B-80DE-8C43FA06BCC8}.Debug|Any CPU.Build.0 = Debug|Any CPU
		{FB45AC2C-849F-450B-80DE-8C43FA06BCC8}.Release|Any CPU.ActiveCfg = Release|Any CPU
		{FB45AC2C-849F-450B-80DE-8C43FA06BCC8}.Release|Any CPU.Build.0 = Release|Any CPU
	EndGlobalSection
	GlobalSection(SolutionProperties) = preSolution
		HideSolutionNode = FALSE
	EndGlobalSection
	GlobalSection(ExtensibilityGlobals) = postSolution
		SolutionGuid = {C85B1F29-CB85-4238-A401-EE29DFC257EC}
	EndGlobalSection
EndGlobal
