
Microsoft Visual Studio Solution File, Format Version 12.00
# Visual Studio 15
VisualStudioVersion = 15.0.27130.2027
MinimumVisualStudioVersion = 10.0.40219.1
Project("{9A19103F-16F7-4668-BE54-9A1E7A4F7556}") = "ClientTCP", "TCPClient\ClientTCP.csproj", "{FDE9D0CF-0974-4603-9D69-8B5F13B8F8B7}"
EndProject
Project("{FAE04EC0-301F-11D3-BF4B-00C04F79EFBC}") = "ServerTCP", "ServerTCP\ServerTCP.csproj", "{9170CEB8-6B41-482E-BCA4-DC94F6BBB6A6}"
EndProject
Global
	GlobalSection(SolutionConfigurationPlatforms) = preSolution
		Debug|Any CPU = Debug|Any CPU
		Release|Any CPU = Release|Any CPU
	EndGlobalSection
	GlobalSection(ProjectConfigurationPlatforms) = postSolution
		{FDE9D0CF-0974-4603-9D69-8B5F13B8F8B7}.Debug|Any CPU.ActiveCfg = Debug|Any CPU
		{FDE9D0CF-0974-4603-9D69-8B5F13B8F8B7}.Debug|Any CPU.Build.0 = Debug|Any CPU
		{FDE9D0CF-0974-4603-9D69-8B5F13B8F8B7}.Release|Any CPU.ActiveCfg = Release|Any CPU
		{FDE9D0CF-0974-4603-9D69-8B5F13B8F8B7}.Release|Any CPU.Build.0 = Release|Any CPU
		{9170CEB8-6B41-482E-BCA4-DC94F6BBB6A6}.Debug|Any CPU.ActiveCfg = Debug|Any CPU
		{9170CEB8-6B41-482E-BCA4-DC94F6BBB6A6}.Debug|Any CPU.Build.0 = Debug|Any CPU
		{9170CEB8-6B41-482E-BCA4-DC94F6BBB6A6}.Release|Any CPU.ActiveCfg = Release|Any CPU
		{9170CEB8-6B41-482E-BCA4-DC94F6BBB6A6}.Release|Any CPU.Build.0 = Release|Any CPU
	EndGlobalSection
	GlobalSection(SolutionProperties) = preSolution
		HideSolutionNode = FALSE
	EndGlobalSection
	GlobalSection(ExtensibilityGlobals) = postSolution
		SolutionGuid = {4D6F7E9E-B45D-45C1-86CF-C3BC22E4856A}
	EndGlobalSection
EndGlobal
