
Microsoft Visual Studio Solution File, Format Version 12.00
# Visual Studio 15
VisualStudioVersion = 15.0.27130.2027
MinimumVisualStudioVersion = 10.0.40219.1
Project("{FAE04EC0-301F-11D3-BF4B-00C04F79EFBC}") = "AlarmTest", "XUnitTestProject1\AlarmTest.csproj", "{78F13DC5-F234-4CCA-9A8E-4BE7339D28BC}"
EndProject
Global
	GlobalSection(SolutionConfigurationPlatforms) = preSolution
		Debug|Any CPU = Debug|Any CPU
		Release|Any CPU = Release|Any CPU
	EndGlobalSection
	GlobalSection(ProjectConfigurationPlatforms) = postSolution
		{78F13DC5-F234-4CCA-9A8E-4BE7339D28BC}.Debug|Any CPU.ActiveCfg = Debug|Any CPU
		{78F13DC5-F234-4CCA-9A8E-4BE7339D28BC}.Debug|Any CPU.Build.0 = Debug|Any CPU
		{78F13DC5-F234-4CCA-9A8E-4BE7339D28BC}.Release|Any CPU.ActiveCfg = Release|Any CPU
		{78F13DC5-F234-4CCA-9A8E-4BE7339D28BC}.Release|Any CPU.Build.0 = Release|Any CPU
	EndGlobalSection
	GlobalSection(SolutionProperties) = preSolution
		HideSolutionNode = FALSE
	EndGlobalSection
	GlobalSection(ExtensibilityGlobals) = postSolution
		SolutionGuid = {309B5000-509E-43B6-9F74-8449D5050D39}
	EndGlobalSection
EndGlobal
